// !$*UTF8*$!
{
	archiveVersion = 1;
	classes = {
	};
	objectVersion = 46;
	objects = {

/* Begin PBXBuildFile section */
		5FCC7EC2176AAE3C00BFEE3A /* UIKit.framework in Frameworks */ = {isa = PBXBuildFile; fileRef = 5FCC7EC1176AAE3C00BFEE3A /* UIKit.framework */; };
		5FCC7EC4176AAE3C00BFEE3A /* Foundation.framework in Frameworks */ = {isa = PBXBuildFile; fileRef = 5FCC7EC3176AAE3C00BFEE3A /* Foundation.framework */; };
		5FCC7EC6176AAE3C00BFEE3A /* CoreGraphics.framework in Frameworks */ = {isa = PBXBuildFile; fileRef = 5FCC7EC5176AAE3C00BFEE3A /* CoreGraphics.framework */; };
		5FCC7ECC176AAE3C00BFEE3A /* InfoPlist.strings in Resources */ = {isa = PBXBuildFile; fileRef = 5FCC7ECA176AAE3C00BFEE3A /* InfoPlist.strings */; };
		5FCC7ECE176AAE3C00BFEE3A /* main.m in Sources */ = {isa = PBXBuildFile; fileRef = 5FCC7ECD176AAE3C00BFEE3A /* main.m */; };
		5FCC7ED2176AAE3D00BFEE3A /* WYAppDelegate.m in Sources */ = {isa = PBXBuildFile; fileRef = 5FCC7ED1176AAE3D00BFEE3A /* WYAppDelegate.m */; };
		5FCC7ED4176AAE3D00BFEE3A /* Default.png in Resources */ = {isa = PBXBuildFile; fileRef = 5FCC7ED3176AAE3D00BFEE3A /* Default.png */; };
		5FCC7ED6176AAE3D00BFEE3A /* Default@2x.png in Resources */ = {isa = PBXBuildFile; fileRef = 5FCC7ED5176AAE3D00BFEE3A /* Default@2x.png */; };
		5FCC7ED8176AAE3D00BFEE3A /* Default-568h@2x.png in Resources */ = {isa = PBXBuildFile; fileRef = 5FCC7ED7176AAE3D00BFEE3A /* Default-568h@2x.png */; };
		5FCC7EDB176AAE3D00BFEE3A /* WYViewController.m in Sources */ = {isa = PBXBuildFile; fileRef = 5FCC7EDA176AAE3D00BFEE3A /* WYViewController.m */; };
		5FCC7EDE176AAE3D00BFEE3A /* WYViewController.xib in Resources */ = {isa = PBXBuildFile; fileRef = 5FCC7EDC176AAE3D00BFEE3A /* WYViewController.xib */; };
		5FCC7EE6176AAEE800BFEE3A /* WYHttpRequest.m in Sources */ = {isa = PBXBuildFile; fileRef = 5FCC7EE5176AAEE800BFEE3A /* WYHttpRequest.m */; };
/* End PBXBuildFile section */

/* Begin PBXFileReference section */
		5FCC7EBD176AAE3C00BFEE3A /* HttpManager.app */ = {isa = PBXFileReference; explicitFileType = wrapper.application; includeInIndex = 0; path = HttpManager.app; sourceTree = BUILT_PRODUCTS_DIR; };
		5FCC7EC1176AAE3C00BFEE3A /* UIKit.framework */ = {isa = PBXFileReference; lastKnownFileType = wrapper.framework; name = UIKit.framework; path = System/Library/Frameworks/UIKit.framework; sourceTree = SDKROOT; };
		5FCC7EC3176AAE3C00BFEE3A /* Foundation.framework */ = {isa = PBXFileReference; lastKnownFileType = wrapper.framework; name = Foundation.framework; path = System/Library/Frameworks/Foundation.framework; sourceTree = SDKROOT; };
		5FCC7EC5176AAE3C00BFEE3A /* CoreGraphics.framework */ = {isa = PBXFileReference; lastKnownFileType = wrapper.framework; name = CoreGraphics.framework; path = System/Library/Frameworks/CoreGraphics.framework; sourceTree = SDKROOT; };
		5FCC7EC9176AAE3C00BFEE3A /* HttpManager-Info.plist */ = {isa = PBXFileReference; lastKnownFileType = text.plist.xml; path = "HttpManager-Info.plist"; sourceTree = "<group>"; };
		5FCC7ECB176AAE3C00BFEE3A /* en */ = {isa = PBXFileReference; lastKnownFileType = text.plist.strings; name = en; path = en.lproj/InfoPlist.strings; sourceTree = "<group>"; };
		5FCC7ECD176AAE3C00BFEE3A /* main.m */ = {isa = PBXFileReference; lastKnownFileType = sourcecode.c.objc; path = main.m; sourceTree = "<group>"; };
		5FCC7ECF176AAE3C00BFEE3A /* HttpManager-Prefix.pch */ = {isa = PBXFileReference; lastKnownFileType = sourcecode.c.h; path = "HttpManager-Prefix.pch"; sourceTree = "<group>"; };
		5FCC7ED0176AAE3D00BFEE3A /* WYAppDelegate.h */ = {isa = PBXFileReference; lastKnownFileType = sourcecode.c.h; path = WYAppDelegate.h; sourceTree = "<group>"; };
		5FCC7ED1176AAE3D00BFEE3A /* WYAppDelegate.m */ = {isa = PBXFileReference; lastKnownFileType = sourcecode.c.objc; path = WYAppDelegate.m; sourceTree = "<group>"; };
		5FCC7ED3176AAE3D00BFEE3A /* Default.png */ = {isa = PBXFileReference; lastKnownFileType = image.png; path = Default.png; sourceTree = "<group>"; };
		5FCC7ED5176AAE3D00BFEE3A /* Default@2x.png */ = {isa = PBXFileReference; lastKnownFileType = image.png; path = "Default@2x.png"; sourceTree = "<group>"; };
		5FCC7ED7176AAE3D00BFEE3A /* Default-568h@2x.png */ = {isa = PBXFileReference; lastKnownFileType = image.png; path = "Default-568h@2x.png"; sourceTree = "<group>"; };
		5FCC7ED9176AAE3D00BFEE3A /* WYViewController.h */ = {isa = PBXFileReference; lastKnownFileType = sourcecode.c.h; path = WYViewController.h; sourceTree = "<group>"; };
		5FCC7EDA176AAE3D00BFEE3A /* WYViewController.m */ = {isa = PBXFileReference; lastKnownFileType = sourcecode.c.objc; path = WYViewController.m; sourceTree = "<group>"; };
		5FCC7EDD176AAE3D00BFEE3A /* en */ = {isa = PBXFileReference; lastKnownFileType = file.xib; name = en; path = en.lproj/WYViewController.xib; sourceTree = "<group>"; };
		5FCC7EE4176AAEE800BFEE3A /* WYHttpRequest.h */ = {isa = PBXFileReference; fileEncoding = 4; lastKnownFileType = sourcecode.c.h; path = WYHttpRequest.h; sourceTree = "<group>"; };
		5FCC7EE5176AAEE800BFEE3A /* WYHttpRequest.m */ = {isa = PBXFileReference; fileEncoding = 4; lastKnownFileType = sourcecode.c.objc; path = WYHttpRequest.m; sourceTree = "<group>"; };
/* End PBXFileReference section */

/* Begin PBXFrameworksBuildPhase section */
		5FCC7EBA176AAE3C00BFEE3A /* Frameworks */ = {
			isa = PBXFrameworksBuildPhase;
			buildActionMask = 2147483647;
			files = (
				5FCC7EC2176AAE3C00BFEE3A /* UIKit.framework in Frameworks */,
				5FCC7EC4176AAE3C00BFEE3A /* Foundation.framework in Frameworks */,
				5FCC7EC6176AAE3C00BFEE3A /* CoreGraphics.framework in Frameworks */,
			);
			runOnlyForDeploymentPostprocessing = 0;
		};
/* End PBXFrameworksBuildPhase section */

/* Begin PBXGroup section */
		5FCC7EB2176AAE3C00BFEE3A = {
			isa = PBXGroup;
			children = (
				5FCC7EC7176AAE3C00BFEE3A /* HttpManager */,
				5FCC7EC0176AAE3C00BFEE3A /* Frameworks */,
				5FCC7EBE176AAE3C00BFEE3A /* Products */,
			);
			sourceTree = "<group>";
		};
		5FCC7EBE176AAE3C00BFEE3A /* Products */ = {
			isa = PBXGroup;
			children = (
				5FCC7EBD176AAE3C00BFEE3A /* HttpManager.app */,
			);
			name = Products;
			sourceTree = "<group>";
		};
		5FCC7EC0176AAE3C00BFEE3A /* Frameworks */ = {
			isa = PBXGroup;
			children = (
				5FCC7EC1176AAE3C00BFEE3A /* UIKit.framework */,
				5FCC7EC3176AAE3C00BFEE3A /* Foundation.framework */,
				5FCC7EC5176AAE3C00BFEE3A /* CoreGraphics.framework */,
			);
			name = Frameworks;
			sourceTree = "<group>";
		};
		5FCC7EC7176AAE3C00BFEE3A /* HttpManager */ = {
			isa = PBXGroup;
			children = (
				5FCC7ED0176AAE3D00BFEE3A /* WYAppDelegate.h */,
				5FCC7ED1176AAE3D00BFEE3A /* WYAppDelegate.m */,
				5FCC7ED9176AAE3D00BFEE3A /* WYViewController.h */,
				5FCC7EDA176AAE3D00BFEE3A /* WYViewController.m */,
				5FCC7EDC176AAE3D00BFEE3A /* WYViewController.xib */,
				5FCC7EC8176AAE3C00BFEE3A /* Supporting Files */,
				5FCC7EE4176AAEE800BFEE3A /* WYHttpRequest.h */,
				5FCC7EE5176AAEE800BFEE3A /* WYHttpRequest.m */,
			);
			path = HttpManager;
			sourceTree = "<group>";
		};
		5FCC7EC8176AAE3C00BFEE3A /* Supporting Files */ = {
			isa = PBXGroup;
			children = (
				5FCC7EC9176AAE3C00BFEE3A /* HttpManager-Info.plist */,
				5FCC7ECA176AAE3C00BFEE3A /* InfoPlist.strings */,
				5FCC7ECD176AAE3C00BFEE3A /* main.m */,
				5FCC7ECF176AAE3C00BFEE3A /* HttpManager-Prefix.pch */,
				5FCC7ED3176AAE3D00BFEE3A /* Default.png */,
				5FCC7ED5176AAE3D00BFEE3A /* Default@2x.png */,
				5FCC7ED7176AAE3D00BFEE3A /* Default-568h@2x.png */,
			);
			name = "Supporting Files";
			sourceTree = "<group>";
		};
/* End PBXGroup section */

/* Begin PBXNativeTarget section */
		5FCC7EBC176AAE3C00BFEE3A /* HttpManager */ = {
			isa = PBXNativeTarget;
			buildConfigurationList = 5FCC7EE1176AAE3D00BFEE3A /* Build configuration list for PBXNativeTarget "HttpManager" */;
			buildPhases = (
				5FCC7EB9176AAE3C00BFEE3A /* Sources */,
				5FCC7EBA176AAE3C00BFEE3A /* Frameworks */,
				5FCC7EBB176AAE3C00BFEE3A /* Resources */,
			);
			buildRules = (
			);
			dependencies = (
			);
			name = HttpManager;
			productName = HttpManager;
			productReference = 5FCC7EBD176AAE3C00BFEE3A /* HttpManager.app */;
			productType = "com.apple.product-type.application";
		};
/* End PBXNativeTarget section */

/* Begin PBXProject section */
		5FCC7EB4176AAE3C00BFEE3A /* Project object */ = {
			isa = PBXProject;
			attributes = {
				CLASSPREFIX = WY;
				LastUpgradeCheck = 0450;
				ORGANIZATIONNAME = 3TI;
			};
			buildConfigurationList = 5FCC7EB7176AAE3C00BFEE3A /* Build configuration list for PBXProject "HttpManager" */;
			compatibilityVersion = "Xcode 3.2";
			developmentRegion = English;
			hasScannedForEncodings = 0;
			knownRegions = (
				en,
			);
			mainGroup = 5FCC7EB2176AAE3C00BFEE3A;
			productRefGroup = 5FCC7EBE176AAE3C00BFEE3A /* Products */;
			projectDirPath = "";
			projectRoot = "";
			targets = (
				5FCC7EBC176AAE3C00BFEE3A /* HttpManager */,
			);
		};
/* End PBXProject section */

/* Begin PBXResourcesBuildPhase section */
		5FCC7EBB176AAE3C00BFEE3A /* Resources */ = {
			isa = PBXResourcesBuildPhase;
			buildActionMask = 2147483647;
			files = (
				5FCC7ECC176AAE3C00BFEE3A /* InfoPlist.strings in Resources */,
				5FCC7ED4176AAE3D00BFEE3A /* Default.png in Resources */,
				5FCC7ED6176AAE3D00BFEE3A /* Default@2x.png in Resources */,
				5FCC7ED8176AAE3D00BFEE3A /* Default-568h@2x.png in Resources */,
				5FCC7EDE176AAE3D00BFEE3A /* WYViewController.xib in Resources */,
			);
			runOnlyForDeploymentPostprocessing = 0;
		};
/* End PBXResourcesBuildPhase section */

/* Begin PBXSourcesBuildPhase section */
		5FCC7EB9176AAE3C00BFEE3A /* Sources */ = {
			isa = PBXSourcesBuildPhase;
			buildActionMask = 2147483647;
			files = (
				5FCC7ECE176AAE3C00BFEE3A /* main.m in Sources */,
				5FCC7ED2176AAE3D00BFEE3A /* WYAppDelegate.m in Sources */,
				5FCC7EDB176AAE3D00BFEE3A /* WYViewController.m in Sources */,
				5FCC7EE6176AAEE800BFEE3A /* WYHttpRequest.m in Sources */,
			);
			runOnlyForDeploymentPostprocessing = 0;
		};
/* End PBXSourcesBuildPhase section */

/* Begin PBXVariantGroup section */
		5FCC7ECA176AAE3C00BFEE3A /* InfoPlist.strings */ = {
			isa = PBXVariantGroup;
			children = (
				5FCC7ECB176AAE3C00BFEE3A /* en */,
			);
			name = InfoPlist.strings;
			sourceTree = "<group>";
		};
		5FCC7EDC176AAE3D00BFEE3A /* WYViewController.xib */ = {
			isa = PBXVariantGroup;
			children = (
				5FCC7EDD176AAE3D00BFEE3A /* en */,
			);
			name = WYViewController.xib;
			sourceTree = "<group>";
		};
/* End PBXVariantGroup section */

/* Begin XCBuildConfiguration section */
		5FCC7EDF176AAE3D00BFEE3A /* Debug */ = {
			isa = XCBuildConfiguration;
			buildSettings = {
				ALWAYS_SEARCH_USER_PATHS = NO;
				CLANG_CXX_LANGUAGE_STANDARD = "gnu++0x";
				CLANG_CXX_LIBRARY = "libc++";
				CLANG_ENABLE_OBJC_ARC = YES;
				CLANG_WARN_EMPTY_BODY = YES;
				CLANG_WARN__DUPLICATE_METHOD_MATCH = YES;
				"CODE_SIGN_IDENTITY[sdk=iphoneos*]" = "iPhone Developer";
				COPY_PHASE_STRIP = NO;
				GCC_C_LANGUAGE_STANDARD = gnu99;
				GCC_DYNAMIC_NO_PIC = NO;
				GCC_OPTIMIZATION_LEVEL = 0;
				GCC_PREPROCESSOR_DEFINITIONS = (
					"DEBUG=1",
					"$(inherited)",
				);
				GCC_SYMBOLS_PRIVATE_EXTERN = NO;
				GCC_WARN_ABOUT_RETURN_TYPE = YES;
				GCC_WARN_UNINITIALIZED_AUTOS = YES;
				GCC_WARN_UNUSED_VARIABLE = YES;
				IPHONEOS_DEPLOYMENT_TARGET = 6.0;
				ONLY_ACTIVE_ARCH = YES;
				SDKROOT = iphoneos;
			};
			name = Debug;
		};
		5FCC7EE0176AAE3D00BFEE3A /* Release */ = {
			isa = XCBuildConfiguration;
			buildSettings = {
				ALWAYS_SEARCH_USER_PATHS = NO;
				CLANG_CXX_LANGUAGE_STANDARD = "gnu++0x";
				CLANG_CXX_LIBRARY = "libc++";
				CLANG_ENABLE_OBJC_ARC = YES;
				CLANG_WARN_EMPTY_BODY = YES;
				CLANG_WARN__DUPLICATE_METHOD_MATCH = YES;
				"CODE_SIGN_IDENTITY[sdk=iphoneos*]" = "iPhone Developer";
				COPY_PHASE_STRIP = YES;
				GCC_C_LANGUAGE_STANDARD = gnu99;
				GCC_WARN_ABOUT_RETURN_TYPE = YES;
				GCC_WARN_UNINITIALIZED_AUTOS = YES;
				GCC_WARN_UNUSED_VARIABLE = YES;
				IPHONEOS_DEPLOYMENT_TARGET = 6.0;
				OTHER_CFLAGS = "-DNS_BLOCK_ASSERTIONS=1";
				SDKROOT = iphoneos;
				VALIDATE_PRODUCT = YES;
			};
			name = Release;
		};
		5FCC7EE2176AAE3D00BFEE3A /* Debug */ = {
			isa = XCBuildConfiguration;
			buildSettings = {
				GCC_PRECOMPILE_PREFIX_HEADER = YES;
				GCC_PREFIX_HEADER = "HttpManager/HttpManager-Prefix.pch";
				INFOPLIST_FILE = "HttpManager/HttpManager-Info.plist";
				IPHONEOS_DEPLOYMENT_TARGET = 5.1;
				PRODUCT_NAME = "$(TARGET_NAME)";
				WRAPPER_EXTENSION = app;
			};
			name = Debug;
		};
		5FCC7EE3176AAE3D00BFEE3A /* Release */ = {
			isa = XCBuildConfiguration;
			buildSettings = {
				GCC_PRECOMPILE_PREFIX_HEADER = YES;
				GCC_PREFIX_HEADER = "HttpManager/HttpManager-Prefix.pch";
				INFOPLIST_FILE = "HttpManager/HttpManager-Info.plist";
				IPHONEOS_DEPLOYMENT_TARGET = 5.1;
				PRODUCT_NAME = "$(TARGET_NAME)";
				WRAPPER_EXTENSION = app;
			};
			name = Release;
		};
/* End XCBuildConfiguration section */

/* Begin XCConfigurationList section */
		5FCC7EB7176AAE3C00BFEE3A /* Build configuration list for PBXProject "HttpManager" */ = {
			isa = XCConfigurationList;
			buildConfigurations = (
				5FCC7EDF176AAE3D00BFEE3A /* Debug */,
				5FCC7EE0176AAE3D00BFEE3A /* Release */,
			);
			defaultConfigurationIsVisible = 0;
			defaultConfigurationName = Release;
		};
		5FCC7EE1176AAE3D00BFEE3A /* Build configuration list for PBXNativeTarget "HttpManager" */ = {
			isa = XCConfigurationList;
			buildConfigurations = (
				5FCC7EE2176AAE3D00BFEE3A /* Debug */,
				5FCC7EE3176AAE3D00BFEE3A /* Release */,
			);
			defaultConfigurationIsVisible = 0;
		};
/* End XCConfigurationList section */
	};
	rootObject = 5FCC7EB4176AAE3C00BFEE3A /* Project object */;
}
